
Microsoft Visual Studio Solution File, Format Version 12.00
# Visual Studio Version 16
VisualStudioVersion = 16.0.29806.167
MinimumVisualStudioVersion = 10.0.40219.1
Project("{FAE04EC0-301F-11D3-BF4B-00C04F79EFBC}") = "Trello.Test.API", "Trello.Test.API\Trello.Test.API.csproj", "{6EC358DD-8403-497D-9340-B3F21BF21398}"
EndProject
Global
	GlobalSection(SolutionConfigurationPlatforms) = preSolution
		Debug|Any CPU = Debug|Any CPU
		Release|Any CPU = Release|Any CPU
	EndGlobalSection
	GlobalSection(ProjectConfigurationPlatforms) = postSolution
		{6EC358DD-8403-497D-9340-B3F21BF21398}.Debug|Any CPU.ActiveCfg = Debug|Any CPU
		{6EC358DD-8403-497D-9340-B3F21BF21398}.Debug|Any CPU.Build.0 = Debug|Any CPU
		{6EC358DD-8403-497D-9340-B3F21BF21398}.Release|Any CPU.ActiveCfg = Release|Any CPU
		{6EC358DD-8403-497D-9340-B3F21BF21398}.Release|Any CPU.Build.0 = Release|Any CPU
	EndGlobalSection
	GlobalSection(SolutionProperties) = preSolution
		HideSolutionNode = FALSE
	EndGlobalSection
	GlobalSection(ExtensibilityGlobals) = postSolution
		SolutionGuid = {B6C33547-87C0-410C-907D-FB2B80022888}
	EndGlobalSection
EndGlobal
